
Microsoft Visual Studio Solution File, Format Version 12.00
Project("{FAE04EC0-301F-11D3-BF4B-00C04F79EFBC}") = "Strategy.MiniDuckSimulator", "Strategy.MiniDuckSimulator\Strategy.MiniDuckSimulator.csproj", "{CC57280A-93DC-437B-BFAB-9A5B8E93E831}"
EndProject
Project("{FAE04EC0-301F-11D3-BF4B-00C04F79EFBC}") = "Observer.WeatherStation", "Observer.WeatherStation\Observer.WeatherStation.csproj", "{8E475FEB-CD9A-4DB4-9E93-5A81939F5001}"
EndProject
Project("{FAE04EC0-301F-11D3-BF4B-00C04F79EFBC}") = "Decorator.StarBuzz", "Decorator.StarBuzz\Decorator.StarBuzz.csproj", "{BC59A451-7383-4D31-A7CF-00B16C2CE1FF}"
EndProject
Project("{FAE04EC0-301F-11D3-BF4B-00C04F79EFBC}") = "FactoryMethod.PizzaStore", "FactoryMethod.PizzaStore\FactoryMethod.PizzaStore.csproj", "{17978582-4B02-405C-A6D7-C52499B70D00}"
EndProject
Project("{FAE04EC0-301F-11D3-BF4B-00C04F79EFBC}") = "AbstractFactoryMethod.KeyfiCiger", "AbstractFactoryMethod.KeyfiCiger\AbstractFactoryMethod.KeyfiCiger.csproj", "{9FC84C74-A9B0-4116-88D3-765B410862E7}"
EndProject
Project("{FAE04EC0-301F-11D3-BF4B-00C04F79EFBC}") = "Singleton.ChocolateFactory", "Singleton.ChocolateFactory\Singleton.ChocolateFactory.csproj", "{51861AED-7C40-49B1-933E-78B7AF6E68F1}"
EndProject
Project("{FAE04EC0-301F-11D3-BF4B-00C04F79EFBC}") = "Command.RemoteLoader", "Command.RemoteLoader\Command.RemoteLoader.csproj", "{D0AFA63F-4020-40EA-BC2D-671BD1FB510A}"
EndProject
Project("{FAE04EC0-301F-11D3-BF4B-00C04F79EFBC}") = "Adapter.TurkeySimulator", "Adapter.TurkeySimulator\Adapter.TurkeySimulator.csproj", "{756DA96E-6362-48EA-A17C-D964FA579760}"
EndProject
Project("{FAE04EC0-301F-11D3-BF4B-00C04F79EFBC}") = "Facade.HomeTheatre", "Facade.HomeTheatre\Facade.HomeTheatre.csproj", "{8981294B-F7DB-40BA-B684-A0D6DBC13B6D}"
EndProject
Project("{FAE04EC0-301F-11D3-BF4B-00C04F79EFBC}") = "TemplateMethod.HotDrinkOrder", "TemplateMethod.HotDrinkOrder\TemplateMethod.HotDrinkOrder.csproj", "{B22BF0A3-80DF-4666-9287-A369ED5D65C1}"
EndProject
Project("{FAE04EC0-301F-11D3-BF4B-00C04F79EFBC}") = "Iterator.MenuMerge", "Iterator.MenuMerge\Iterator.MenuMerge.csproj", "{56EDE9F0-CF43-4477-8AFC-74B5D12196DA}"
EndProject
Project("{FAE04EC0-301F-11D3-BF4B-00C04F79EFBC}") = "Composite.MultipleAndSubmenu", "Composite.MultipleAndSubmenu\Composite.MultipleAndSubmenu.csproj", "{CB6A2310-E997-4D05-A3E5-53E6893681AE}"
EndProject
Global
	GlobalSection(SolutionConfigurationPlatforms) = preSolution
		Debug|Any CPU = Debug|Any CPU
		Release|Any CPU = Release|Any CPU
	EndGlobalSection
	GlobalSection(ProjectConfigurationPlatforms) = postSolution
		{CC57280A-93DC-437B-BFAB-9A5B8E93E831}.Debug|Any CPU.ActiveCfg = Debug|Any CPU
		{CC57280A-93DC-437B-BFAB-9A5B8E93E831}.Debug|Any CPU.Build.0 = Debug|Any CPU
		{CC57280A-93DC-437B-BFAB-9A5B8E93E831}.Release|Any CPU.ActiveCfg = Release|Any CPU
		{CC57280A-93DC-437B-BFAB-9A5B8E93E831}.Release|Any CPU.Build.0 = Release|Any CPU
		{8E475FEB-CD9A-4DB4-9E93-5A81939F5001}.Debug|Any CPU.ActiveCfg = Debug|Any CPU
		{8E475FEB-CD9A-4DB4-9E93-5A81939F5001}.Debug|Any CPU.Build.0 = Debug|Any CPU
		{8E475FEB-CD9A-4DB4-9E93-5A81939F5001}.Release|Any CPU.ActiveCfg = Release|Any CPU
		{8E475FEB-CD9A-4DB4-9E93-5A81939F5001}.Release|Any CPU.Build.0 = Release|Any CPU
		{BC59A451-7383-4D31-A7CF-00B16C2CE1FF}.Debug|Any CPU.ActiveCfg = Debug|Any CPU
		{BC59A451-7383-4D31-A7CF-00B16C2CE1FF}.Debug|Any CPU.Build.0 = Debug|Any CPU
		{BC59A451-7383-4D31-A7CF-00B16C2CE1FF}.Release|Any CPU.ActiveCfg = Release|Any CPU
		{BC59A451-7383-4D31-A7CF-00B16C2CE1FF}.Release|Any CPU.Build.0 = Release|Any CPU
		{17978582-4B02-405C-A6D7-C52499B70D00}.Debug|Any CPU.ActiveCfg = Debug|Any CPU
		{17978582-4B02-405C-A6D7-C52499B70D00}.Debug|Any CPU.Build.0 = Debug|Any CPU
		{17978582-4B02-405C-A6D7-C52499B70D00}.Release|Any CPU.ActiveCfg = Release|Any CPU
		{17978582-4B02-405C-A6D7-C52499B70D00}.Release|Any CPU.Build.0 = Release|Any CPU
		{9FC84C74-A9B0-4116-88D3-765B410862E7}.Debug|Any CPU.ActiveCfg = Debug|Any CPU
		{9FC84C74-A9B0-4116-88D3-765B410862E7}.Debug|Any CPU.Build.0 = Debug|Any CPU
		{9FC84C74-A9B0-4116-88D3-765B410862E7}.Release|Any CPU.ActiveCfg = Release|Any CPU
		{9FC84C74-A9B0-4116-88D3-765B410862E7}.Release|Any CPU.Build.0 = Release|Any CPU
		{51861AED-7C40-49B1-933E-78B7AF6E68F1}.Debug|Any CPU.ActiveCfg = Debug|Any CPU
		{51861AED-7C40-49B1-933E-78B7AF6E68F1}.Debug|Any CPU.Build.0 = Debug|Any CPU
		{51861AED-7C40-49B1-933E-78B7AF6E68F1}.Release|Any CPU.ActiveCfg = Release|Any CPU
		{51861AED-7C40-49B1-933E-78B7AF6E68F1}.Release|Any CPU.Build.0 = Release|Any CPU
		{D0AFA63F-4020-40EA-BC2D-671BD1FB510A}.Debug|Any CPU.ActiveCfg = Debug|Any CPU
		{D0AFA63F-4020-40EA-BC2D-671BD1FB510A}.Debug|Any CPU.Build.0 = Debug|Any CPU
		{D0AFA63F-4020-40EA-BC2D-671BD1FB510A}.Release|Any CPU.ActiveCfg = Release|Any CPU
		{D0AFA63F-4020-40EA-BC2D-671BD1FB510A}.Release|Any CPU.Build.0 = Release|Any CPU
		{756DA96E-6362-48EA-A17C-D964FA579760}.Debug|Any CPU.ActiveCfg = Debug|Any CPU
		{756DA96E-6362-48EA-A17C-D964FA579760}.Debug|Any CPU.Build.0 = Debug|Any CPU
		{756DA96E-6362-48EA-A17C-D964FA579760}.Release|Any CPU.ActiveCfg = Release|Any CPU
		{756DA96E-6362-48EA-A17C-D964FA579760}.Release|Any CPU.Build.0 = Release|Any CPU
		{8981294B-F7DB-40BA-B684-A0D6DBC13B6D}.Debug|Any CPU.ActiveCfg = Debug|Any CPU
		{8981294B-F7DB-40BA-B684-A0D6DBC13B6D}.Debug|Any CPU.Build.0 = Debug|Any CPU
		{8981294B-F7DB-40BA-B684-A0D6DBC13B6D}.Release|Any CPU.ActiveCfg = Release|Any CPU
		{8981294B-F7DB-40BA-B684-A0D6DBC13B6D}.Release|Any CPU.Build.0 = Release|Any CPU
		{B22BF0A3-80DF-4666-9287-A369ED5D65C1}.Debug|Any CPU.ActiveCfg = Debug|Any CPU
		{B22BF0A3-80DF-4666-9287-A369ED5D65C1}.Debug|Any CPU.Build.0 = Debug|Any CPU
		{B22BF0A3-80DF-4666-9287-A369ED5D65C1}.Release|Any CPU.ActiveCfg = Release|Any CPU
		{B22BF0A3-80DF-4666-9287-A369ED5D65C1}.Release|Any CPU.Build.0 = Release|Any CPU
		{56EDE9F0-CF43-4477-8AFC-74B5D12196DA}.Debug|Any CPU.ActiveCfg = Debug|Any CPU
		{56EDE9F0-CF43-4477-8AFC-74B5D12196DA}.Debug|Any CPU.Build.0 = Debug|Any CPU
		{56EDE9F0-CF43-4477-8AFC-74B5D12196DA}.Release|Any CPU.ActiveCfg = Release|Any CPU
		{56EDE9F0-CF43-4477-8AFC-74B5D12196DA}.Release|Any CPU.Build.0 = Release|Any CPU
		{CB6A2310-E997-4D05-A3E5-53E6893681AE}.Debug|Any CPU.ActiveCfg = Debug|Any CPU
		{CB6A2310-E997-4D05-A3E5-53E6893681AE}.Debug|Any CPU.Build.0 = Debug|Any CPU
		{CB6A2310-E997-4D05-A3E5-53E6893681AE}.Release|Any CPU.ActiveCfg = Release|Any CPU
		{CB6A2310-E997-4D05-A3E5-53E6893681AE}.Release|Any CPU.Build.0 = Release|Any CPU
	EndGlobalSection
EndGlobal
